
Microsoft Visual Studio Solution File, Format Version 12.00
# Visual Studio Version 17
VisualStudioVersion = 17.14.36623.8 d17.14
MinimumVisualStudioVersion = 10.0.40219.1
Project("{FAE04EC0-301F-11D3-BF4B-00C04F79EFBC}") = "portfolio", "portfolio\portfolio.csproj", "{79CA6ED9-2F65-49C2-B5AA-D95A9F665119}"
EndProject
Project("{FAE04EC0-301F-11D3-BF4B-00C04F79EFBC}") = "portfolio.coreLayer", "portfolio.coreLayer\portfolio.coreLayer.csproj", "{D0CF2D51-8E21-4689-8001-4082D9123070}"
EndProject
Project("{FAE04EC0-301F-11D3-BF4B-00C04F79EFBC}") = "portfolio.infrastructure", "portfolio.infrastructure\portfolio.infrastructure.csproj", "{5E765A34-5E15-479E-93FE-1A1E9E8D1E97}"
EndProject
Global
	GlobalSection(SolutionConfigurationPlatforms) = preSolution
		Debug|Any CPU = Debug|Any CPU
		Release|Any CPU = Release|Any CPU
	EndGlobalSection
	GlobalSection(ProjectConfigurationPlatforms) = postSolution
		{79CA6ED9-2F65-49C2-B5AA-D95A9F665119}.Debug|Any CPU.ActiveCfg = Debug|Any CPU
		{79CA6ED9-2F65-49C2-B5AA-D95A9F665119}.Debug|Any CPU.Build.0 = Debug|Any CPU
		{79CA6ED9-2F65-49C2-B5AA-D95A9F665119}.Release|Any CPU.ActiveCfg = Release|Any CPU
		{79CA6ED9-2F65-49C2-B5AA-D95A9F665119}.Release|Any CPU.Build.0 = Release|Any CPU
		{D0CF2D51-8E21-4689-8001-4082D9123070}.Debug|Any CPU.ActiveCfg = Debug|Any CPU
		{D0CF2D51-8E21-4689-8001-4082D9123070}.Debug|Any CPU.Build.0 = Debug|Any CPU
		{D0CF2D51-8E21-4689-8001-4082D9123070}.Release|Any CPU.ActiveCfg = Release|Any CPU
		{D0CF2D51-8E21-4689-8001-4082D9123070}.Release|Any CPU.Build.0 = Release|Any CPU
		{5E765A34-5E15-479E-93FE-1A1E9E8D1E97}.Debug|Any CPU.ActiveCfg = Debug|Any CPU
		{5E765A34-5E15-479E-93FE-1A1E9E8D1E97}.Debug|Any CPU.Build.0 = Debug|Any CPU
		{5E765A34-5E15-479E-93FE-1A1E9E8D1E97}.Release|Any CPU.ActiveCfg = Release|Any CPU
		{5E765A34-5E15-479E-93FE-1A1E9E8D1E97}.Release|Any CPU.Build.0 = Release|Any CPU
	EndGlobalSection
	GlobalSection(SolutionProperties) = preSolution
		HideSolutionNode = FALSE
	EndGlobalSection
	GlobalSection(ExtensibilityGlobals) = postSolution
		SolutionGuid = {EDB07628-0D12-40C8-A4C4-401702AF3052}
	EndGlobalSection
EndGlobal
